// !$*UTF8*$!
{
	archiveVersion = 1;
	classes = {
	};
	objectVersion = 50;
	objects = {

/* Begin PBXBuildFile section */
		6E44E4CA317FA782061B0A52 /* Pods_MusicApp.framework in Frameworks */ = {isa = PBXBuildFile; fileRef = 02F857285F0260E58557BE19 /* Pods_MusicApp.framework */; };
		AB0A55DE232E0DF200151FF6 /* APIService.swift in Sources */ = {isa = PBXBuildFile; fileRef = AB0A55DD232E0DF200151FF6 /* APIService.swift */; };
		AB0A55E0232E100800151FF6 /* Endpoint.swift in Sources */ = {isa = PBXBuildFile; fileRef = AB0A55DF232E100800151FF6 /* Endpoint.swift */; };
		AB0A55E2232E132700151FF6 /* Container.swift in Sources */ = {isa = PBXBuildFile; fileRef = AB0A55E1232E132700151FF6 /* Container.swift */; };
		AB0A55E5232E149400151FF6 /* Tracks.swift in Sources */ = {isa = PBXBuildFile; fileRef = AB0A55E4232E149400151FF6 /* Tracks.swift */; };
		AB392F3F232DF62700EEFACE /* SearchViewController.swift in Sources */ = {isa = PBXBuildFile; fileRef = AB392F3E232DF62700EEFACE /* SearchViewController.swift */; };
		ABF154DF232DF1AE00114078 /* AppDelegate.swift in Sources */ = {isa = PBXBuildFile; fileRef = ABF154DE232DF1AE00114078 /* AppDelegate.swift */; };
		ABF154E1232DF1AE00114078 /* SceneDelegate.swift in Sources */ = {isa = PBXBuildFile; fileRef = ABF154E0232DF1AE00114078 /* SceneDelegate.swift */; };
		ABF154E3232DF1AE00114078 /* ViewController.swift in Sources */ = {isa = PBXBuildFile; fileRef = ABF154E2232DF1AE00114078 /* ViewController.swift */; };
		ABF154E6232DF1AE00114078 /* Main.storyboard in Resources */ = {isa = PBXBuildFile; fileRef = ABF154E4232DF1AE00114078 /* Main.storyboard */; };
		ABF154E9232DF1AE00114078 /* MusicApp.xcdatamodeld in Sources */ = {isa = PBXBuildFile; fileRef = ABF154E7232DF1AE00114078 /* MusicApp.xcdatamodeld */; };
		ABF154EB232DF1B600114078 /* Assets.xcassets in Resources */ = {isa = PBXBuildFile; fileRef = ABF154EA232DF1B600114078 /* Assets.xcassets */; };
		ABF154EE232DF1B600114078 /* LaunchScreen.storyboard in Resources */ = {isa = PBXBuildFile; fileRef = ABF154EC232DF1B600114078 /* LaunchScreen.storyboard */; };
		ABF154F6232DF2D300114078 /* TabBarController.swift in Sources */ = {isa = PBXBuildFile; fileRef = ABF154F5232DF2D300114078 /* TabBarController.swift */; };
/* End PBXBuildFile section */

/* Begin PBXFileReference section */
		02F857285F0260E58557BE19 /* Pods_MusicApp.framework */ = {isa = PBXFileReference; explicitFileType = wrapper.framework; includeInIndex = 0; path = Pods_MusicApp.framework; sourceTree = BUILT_PRODUCTS_DIR; };
		AB0A55DD232E0DF200151FF6 /* APIService.swift */ = {isa = PBXFileReference; lastKnownFileType = sourcecode.swift; path = APIService.swift; sourceTree = "<group>"; };
		AB0A55DF232E100800151FF6 /* Endpoint.swift */ = {isa = PBXFileReference; lastKnownFileType = sourcecode.swift; path = Endpoint.swift; sourceTree = "<group>"; };
		AB0A55E1232E132700151FF6 /* Container.swift */ = {isa = PBXFileReference; lastKnownFileType = sourcecode.swift; path = Container.swift; sourceTree = "<group>"; };
		AB0A55E4232E149400151FF6 /* Tracks.swift */ = {isa = PBXFileReference; lastKnownFileType = sourcecode.swift; path = Tracks.swift; sourceTree = "<group>"; };
		AB392F3E232DF62700EEFACE /* SearchViewController.swift */ = {isa = PBXFileReference; lastKnownFileType = sourcecode.swift; path = SearchViewController.swift; sourceTree = "<group>"; };
		ABF154DB232DF1AE00114078 /* MusicApp.app */ = {isa = PBXFileReference; explicitFileType = wrapper.application; includeInIndex = 0; path = MusicApp.app; sourceTree = BUILT_PRODUCTS_DIR; };
		ABF154DE232DF1AE00114078 /* AppDelegate.swift */ = {isa = PBXFileReference; lastKnownFileType = sourcecode.swift; path = AppDelegate.swift; sourceTree = "<group>"; };
		ABF154E0232DF1AE00114078 /* SceneDelegate.swift */ = {isa = PBXFileReference; lastKnownFileType = sourcecode.swift; path = SceneDelegate.swift; sourceTree = "<group>"; };
		ABF154E2232DF1AE00114078 /* ViewController.swift */ = {isa = PBXFileReference; lastKnownFileType = sourcecode.swift; path = ViewController.swift; sourceTree = "<group>"; };
		ABF154E5232DF1AE00114078 /* Base */ = {isa = PBXFileReference; lastKnownFileType = file.storyboard; name = Base; path = Base.lproj/Main.storyboard; sourceTree = "<group>"; };
		ABF154E8232DF1AE00114078 /* MusicApp.xcdatamodel */ = {isa = PBXFileReference; lastKnownFileType = wrapper.xcdatamodel; path = MusicApp.xcdatamodel; sourceTree = "<group>"; };
		ABF154EA232DF1B600114078 /* Assets.xcassets */ = {isa = PBXFileReference; lastKnownFileType = folder.assetcatalog; path = Assets.xcassets; sourceTree = "<group>"; };
		ABF154ED232DF1B600114078 /* Base */ = {isa = PBXFileReference; lastKnownFileType = file.storyboard; name = Base; path = Base.lproj/LaunchScreen.storyboard; sourceTree = "<group>"; };
		ABF154EF232DF1B600114078 /* Info.plist */ = {isa = PBXFileReference; lastKnownFileType = text.plist.xml; path = Info.plist; sourceTree = "<group>"; };
		ABF154F5232DF2D300114078 /* TabBarController.swift */ = {isa = PBXFileReference; lastKnownFileType = sourcecode.swift; path = TabBarController.swift; sourceTree = "<group>"; };
		B9B4D08BF603AC6586EAB459 /* Pods-MusicApp.debug.xcconfig */ = {isa = PBXFileReference; includeInIndex = 1; lastKnownFileType = text.xcconfig; name = "Pods-MusicApp.debug.xcconfig"; path = "Target Support Files/Pods-MusicApp/Pods-MusicApp.debug.xcconfig"; sourceTree = "<group>"; };
		E536E40F4520A60C53D79ACF /* Pods-MusicApp.release.xcconfig */ = {isa = PBXFileReference; includeInIndex = 1; lastKnownFileType = text.xcconfig; name = "Pods-MusicApp.release.xcconfig"; path = "Target Support Files/Pods-MusicApp/Pods-MusicApp.release.xcconfig"; sourceTree = "<group>"; };
/* End PBXFileReference section */

/* Begin PBXFrameworksBuildPhase section */
		ABF154D8232DF1AE00114078 /* Frameworks */ = {
			isa = PBXFrameworksBuildPhase;
			buildActionMask = 2147483647;
			files = (
				6E44E4CA317FA782061B0A52 /* Pods_MusicApp.framework in Frameworks */,
			);
			runOnlyForDeploymentPostprocessing = 0;
		};
/* End PBXFrameworksBuildPhase section */

/* Begin PBXGroup section */
		AB0A55DC232E0DD300151FF6 /* API */ = {
			isa = PBXGroup;
			children = (
				AB0A55DD232E0DF200151FF6 /* APIService.swift */,
				AB0A55DF232E100800151FF6 /* Endpoint.swift */,
			);
			path = API;
			sourceTree = "<group>";
		};
		AB0A55E3232E147F00151FF6 /* DataModels */ = {
			isa = PBXGroup;
			children = (
				AB0A55E4232E149400151FF6 /* Tracks.swift */,
			);
			path = DataModels;
			sourceTree = "<group>";
		};
		ABF154D2232DF1AE00114078 = {
			isa = PBXGroup;
			children = (
				ABF154DD232DF1AE00114078 /* MusicApp */,
				ABF154DC232DF1AE00114078 /* Products */,
				D6ECDFC6FB0AA4E5EEDDE202 /* Pods */,
				EFAC5EBFFEF599F8A511CC15 /* Frameworks */,
			);
			sourceTree = "<group>";
		};
		ABF154DC232DF1AE00114078 /* Products */ = {
			isa = PBXGroup;
			children = (
				ABF154DB232DF1AE00114078 /* MusicApp.app */,
			);
			name = Products;
			sourceTree = "<group>";
		};
		ABF154DD232DF1AE00114078 /* MusicApp */ = {
			isa = PBXGroup;
			children = (
				AB0A55DC232E0DD300151FF6 /* API */,
				AB0A55E3232E147F00151FF6 /* DataModels */,
				ABF154DE232DF1AE00114078 /* AppDelegate.swift */,
				ABF154E0232DF1AE00114078 /* SceneDelegate.swift */,
				ABF154E2232DF1AE00114078 /* ViewController.swift */,
				ABF154E4232DF1AE00114078 /* Main.storyboard */,
				ABF154EA232DF1B600114078 /* Assets.xcassets */,
				ABF154EC232DF1B600114078 /* LaunchScreen.storyboard */,
				ABF154EF232DF1B600114078 /* Info.plist */,
				ABF154E7232DF1AE00114078 /* MusicApp.xcdatamodeld */,
				ABF154F5232DF2D300114078 /* TabBarController.swift */,
				AB392F3E232DF62700EEFACE /* SearchViewController.swift */,
				AB0A55E1232E132700151FF6 /* Container.swift */,
			);
			path = MusicApp;
			sourceTree = "<group>";
		};
		D6ECDFC6FB0AA4E5EEDDE202 /* Pods */ = {
			isa = PBXGroup;
			children = (
				B9B4D08BF603AC6586EAB459 /* Pods-MusicApp.debug.xcconfig */,
				E536E40F4520A60C53D79ACF /* Pods-MusicApp.release.xcconfig */,
			);
			path = Pods;
			sourceTree = "<group>";
		};
		EFAC5EBFFEF599F8A511CC15 /* Frameworks */ = {
			isa = PBXGroup;
			children = (
				02F857285F0260E58557BE19 /* Pods_MusicApp.framework */,
			);
			name = Frameworks;
			sourceTree = "<group>";
		};
/* End PBXGroup section */

/* Begin PBXNativeTarget section */
		ABF154DA232DF1AE00114078 /* MusicApp */ = {
			isa = PBXNativeTarget;
			buildConfigurationList = ABF154F2232DF1B600114078 /* Build configuration list for PBXNativeTarget "MusicApp" */;
			buildPhases = (
				4A4D3731D6FB19026A50F715 /* [CP] Check Pods Manifest.lock */,
				ABF154D7232DF1AE00114078 /* Sources */,
				ABF154D8232DF1AE00114078 /* Frameworks */,
				ABF154D9232DF1AE00114078 /* Resources */,
			);
			buildRules = (
			);
			dependencies = (
			);
			name = MusicApp;
			productName = MusicApp;
			productReference = ABF154DB232DF1AE00114078 /* MusicApp.app */;
			productType = "com.apple.product-type.application";
		};
/* End PBXNativeTarget section */

/* Begin PBXProject section */
		ABF154D3232DF1AE00114078 /* Project object */ = {
			isa = PBXProject;
			attributes = {
				LastSwiftUpdateCheck = 1100;
				LastUpgradeCheck = 1100;
				ORGANIZATIONNAME = "Алексей Воронов";
				TargetAttributes = {
					ABF154DA232DF1AE00114078 = {
						CreatedOnToolsVersion = 11.0;
					};
				};
			};
			buildConfigurationList = ABF154D6232DF1AE00114078 /* Build configuration list for PBXProject "MusicApp" */;
			compatibilityVersion = "Xcode 9.3";
			developmentRegion = en;
			hasScannedForEncodings = 0;
			knownRegions = (
				en,
				Base,
			);
			mainGroup = ABF154D2232DF1AE00114078;
			productRefGroup = ABF154DC232DF1AE00114078 /* Products */;
			projectDirPath = "";
			projectRoot = "";
			targets = (
				ABF154DA232DF1AE00114078 /* MusicApp */,
			);
		};
/* End PBXProject section */

/* Begin PBXResourcesBuildPhase section */
		ABF154D9232DF1AE00114078 /* Resources */ = {
			isa = PBXResourcesBuildPhase;
			buildActionMask = 2147483647;
			files = (
				ABF154EE232DF1B600114078 /* LaunchScreen.storyboard in Resources */,
				ABF154EB232DF1B600114078 /* Assets.xcassets in Resources */,
				ABF154E6232DF1AE00114078 /* Main.storyboard in Resources */,
			);
			runOnlyForDeploymentPostprocessing = 0;
		};
/* End PBXResourcesBuildPhase section */

/* Begin PBXShellScriptBuildPhase section */
		4A4D3731D6FB19026A50F715 /* [CP] Check Pods Manifest.lock */ = {
			isa = PBXShellScriptBuildPhase;
			buildActionMask = 2147483647;
			files = (
			);
			inputFileListPaths = (
			);
			inputPaths = (
				"${PODS_PODFILE_DIR_PATH}/Podfile.lock",
				"${PODS_ROOT}/Manifest.lock",
			);
			name = "[CP] Check Pods Manifest.lock";
			outputFileListPaths = (
			);
			outputPaths = (
				"$(DERIVED_FILE_DIR)/Pods-MusicApp-checkManifestLockResult.txt",
			);
			runOnlyForDeploymentPostprocessing = 0;
			shellPath = /bin/sh;
			shellScript = "diff \"${PODS_PODFILE_DIR_PATH}/Podfile.lock\" \"${PODS_ROOT}/Manifest.lock\" > /dev/null\nif [ $? != 0 ] ; then\n    # print error to STDERR\n    echo \"error: The sandbox is not in sync with the Podfile.lock. Run 'pod install' or update your CocoaPods installation.\" >&2\n    exit 1\nfi\n# This output is used by Xcode 'outputs' to avoid re-running this script phase.\necho \"SUCCESS\" > \"${SCRIPT_OUTPUT_FILE_0}\"\n";
			showEnvVarsInLog = 0;
		};
/* End PBXShellScriptBuildPhase section */

/* Begin PBXSourcesBuildPhase section */
		ABF154D7232DF1AE00114078 /* Sources */ = {
			isa = PBXSourcesBuildPhase;
			buildActionMask = 2147483647;
			files = (
				AB392F3F232DF62700EEFACE /* SearchViewController.swift in Sources */,
				AB0A55DE232E0DF200151FF6 /* APIService.swift in Sources */,
				AB0A55E0232E100800151FF6 /* Endpoint.swift in Sources */,
				ABF154E3232DF1AE00114078 /* ViewController.swift in Sources */,
				ABF154DF232DF1AE00114078 /* AppDelegate.swift in Sources */,
				ABF154E1232DF1AE00114078 /* SceneDelegate.swift in Sources */,
				AB0A55E5232E149400151FF6 /* Tracks.swift in Sources */,
				ABF154F6232DF2D300114078 /* TabBarController.swift in Sources */,
				AB0A55E2232E132700151FF6 /* Container.swift in Sources */,
				ABF154E9232DF1AE00114078 /* MusicApp.xcdatamodeld in Sources */,
			);
			runOnlyForDeploymentPostprocessing = 0;
		};
/* End PBXSourcesBuildPhase section */

/* Begin PBXVariantGroup section */
		ABF154E4232DF1AE00114078 /* Main.storyboard */ = {
			isa = PBXVariantGroup;
			children = (
				ABF154E5232DF1AE00114078 /* Base */,
			);
			name = Main.storyboard;
			sourceTree = "<group>";
		};
		ABF154EC232DF1B600114078 /* LaunchScreen.storyboard */ = {
			isa = PBXVariantGroup;
			children = (
				ABF154ED232DF1B600114078 /* Base */,
			);
			name = LaunchScreen.storyboard;
			sourceTree = "<group>";
		};
/* End PBXVariantGroup section */

/* Begin XCBuildConfiguration section */
		ABF154F0232DF1B600114078 /* Debug */ = {
			isa = XCBuildConfiguration;
			buildSettings = {
				ALWAYS_SEARCH_USER_PATHS = NO;
				CLANG_ANALYZER_NONNULL = YES;
				CLANG_ANALYZER_NUMBER_OBJECT_CONVERSION = YES_AGGRESSIVE;
				CLANG_CXX_LANGUAGE_STANDARD = "gnu++14";
				CLANG_CXX_LIBRARY = "libc++";
				CLANG_ENABLE_MODULES = YES;
				CLANG_ENABLE_OBJC_ARC = YES;
				CLANG_ENABLE_OBJC_WEAK = YES;
				CLANG_WARN_BLOCK_CAPTURE_AUTORELEASING = YES;
				CLANG_WARN_BOOL_CONVERSION = YES;
				CLANG_WARN_COMMA = YES;
				CLANG_WARN_CONSTANT_CONVERSION = YES;
				CLANG_WARN_DEPRECATED_OBJC_IMPLEMENTATIONS = YES;
				CLANG_WARN_DIRECT_OBJC_ISA_USAGE = YES_ERROR;
				CLANG_WARN_DOCUMENTATION_COMMENTS = YES;
				CLANG_WARN_EMPTY_BODY = YES;
				CLANG_WARN_ENUM_CONVERSION = YES;
				CLANG_WARN_INFINITE_RECURSION = YES;
				CLANG_WARN_INT_CONVERSION = YES;
				CLANG_WARN_NON_LITERAL_NULL_CONVERSION = YES;
				CLANG_WARN_OBJC_IMPLICIT_RETAIN_SELF = YES;
				CLANG_WARN_OBJC_LITERAL_CONVERSION = YES;
				CLANG_WARN_OBJC_ROOT_CLASS = YES_ERROR;
				CLANG_WARN_RANGE_LOOP_ANALYSIS = YES;
				CLANG_WARN_STRICT_PROTOTYPES = YES;
				CLANG_WARN_SUSPICIOUS_MOVE = YES;
				CLANG_WARN_UNGUARDED_AVAILABILITY = YES_AGGRESSIVE;
				CLANG_WARN_UNREACHABLE_CODE = YES;
				CLANG_WARN__DUPLICATE_METHOD_MATCH = YES;
				COPY_PHASE_STRIP = NO;
				DEBUG_INFORMATION_FORMAT = dwarf;
				ENABLE_STRICT_OBJC_MSGSEND = YES;
				ENABLE_TESTABILITY = YES;
				GCC_C_LANGUAGE_STANDARD = gnu11;
				GCC_DYNAMIC_NO_PIC = NO;
				GCC_NO_COMMON_BLOCKS = YES;
				GCC_OPTIMIZATION_LEVEL = 0;
				GCC_PREPROCESSOR_DEFINITIONS = (
					"DEBUG=1",
					"$(inherited)",
				);
				GCC_WARN_64_TO_32_BIT_CONVERSION = YES;
				GCC_WARN_ABOUT_RETURN_TYPE = YES_ERROR;
				GCC_WARN_UNDECLARED_SELECTOR = YES;
				GCC_WARN_UNINITIALIZED_AUTOS = YES_AGGRESSIVE;
				GCC_WARN_UNUSED_FUNCTION = YES;
				GCC_WARN_UNUSED_VARIABLE = YES;
				IPHONEOS_DEPLOYMENT_TARGET = 13.0;
				MTL_ENABLE_DEBUG_INFO = INCLUDE_SOURCE;
				MTL_FAST_MATH = YES;
				ONLY_ACTIVE_ARCH = YES;
				SDKROOT = iphoneos;
				SWIFT_ACTIVE_COMPILATION_CONDITIONS = DEBUG;
				SWIFT_OPTIMIZATION_LEVEL = "-Onone";
			};
			name = Debug;
		};
		ABF154F1232DF1B600114078 /* Release */ = {
			isa = XCBuildConfiguration;
			buildSettings = {
				ALWAYS_SEARCH_USER_PATHS = NO;
				CLANG_ANALYZER_NONNULL = YES;
				CLANG_ANALYZER_NUMBER_OBJECT_CONVERSION = YES_AGGRESSIVE;
				CLANG_CXX_LANGUAGE_STANDARD = "gnu++14";
				CLANG_CXX_LIBRARY = "libc++";
				CLANG_ENABLE_MODULES = YES;
				CLANG_ENABLE_OBJC_ARC = YES;
				CLANG_ENABLE_OBJC_WEAK = YES;
				CLANG_WARN_BLOCK_CAPTURE_AUTORELEASING = YES;
				CLANG_WARN_BOOL_CONVERSION = YES;
				CLANG_WARN_COMMA = YES;
				CLANG_WARN_CONSTANT_CONVERSION = YES;
				CLANG_WARN_DEPRECATED_OBJC_IMPLEMENTATIONS = YES;
				CLANG_WARN_DIRECT_OBJC_ISA_USAGE = YES_ERROR;
				CLANG_WARN_DOCUMENTATION_COMMENTS = YES;
				CLANG_WARN_EMPTY_BODY = YES;
				CLANG_WARN_ENUM_CONVERSION = YES;
				CLANG_WARN_INFINITE_RECURSION = YES;
				CLANG_WARN_INT_CONVERSION = YES;
				CLANG_WARN_NON_LITERAL_NULL_CONVERSION = YES;
				CLANG_WARN_OBJC_IMPLICIT_RETAIN_SELF = YES;
				CLANG_WARN_OBJC_LITERAL_CONVERSION = YES;
				CLANG_WARN_OBJC_ROOT_CLASS = YES_ERROR;
				CLANG_WARN_RANGE_LOOP_ANALYSIS = YES;
				CLANG_WARN_STRICT_PROTOTYPES = YES;
				CLANG_WARN_SUSPICIOUS_MOVE = YES;
				CLANG_WARN_UNGUARDED_AVAILABILITY = YES_AGGRESSIVE;
				CLANG_WARN_UNREACHABLE_CODE = YES;
				CLANG_WARN__DUPLICATE_METHOD_MATCH = YES;
				COPY_PHASE_STRIP = NO;
				DEBUG_INFORMATION_FORMAT = "dwarf-with-dsym";
				ENABLE_NS_ASSERTIONS = NO;
				ENABLE_STRICT_OBJC_MSGSEND = YES;
				GCC_C_LANGUAGE_STANDARD = gnu11;
				GCC_NO_COMMON_BLOCKS = YES;
				GCC_WARN_64_TO_32_BIT_CONVERSION = YES;
				GCC_WARN_ABOUT_RETURN_TYPE = YES_ERROR;
				GCC_WARN_UNDECLARED_SELECTOR = YES;
				GCC_WARN_UNINITIALIZED_AUTOS = YES_AGGRESSIVE;
				GCC_WARN_UNUSED_FUNCTION = YES;
				GCC_WARN_UNUSED_VARIABLE = YES;
				IPHONEOS_DEPLOYMENT_TARGET = 13.0;
				MTL_ENABLE_DEBUG_INFO = NO;
				MTL_FAST_MATH = YES;
				SDKROOT = iphoneos;
				SWIFT_COMPILATION_MODE = wholemodule;
				SWIFT_OPTIMIZATION_LEVEL = "-O";
				VALIDATE_PRODUCT = YES;
			};
			name = Release;
		};
		ABF154F3232DF1B600114078 /* Debug */ = {
			isa = XCBuildConfiguration;
			baseConfigurationReference = B9B4D08BF603AC6586EAB459 /* Pods-MusicApp.debug.xcconfig */;
			buildSettings = {
				ASSETCATALOG_COMPILER_APPICON_NAME = AppIcon;
				CODE_SIGN_STYLE = Automatic;
				DEVELOPMENT_TEAM = N8AX386RTP;
				INFOPLIST_FILE = MusicApp/Info.plist;
				LD_RUNPATH_SEARCH_PATHS = (
					"$(inherited)",
					"@executable_path/Frameworks",
				);
				PRODUCT_BUNDLE_IDENTIFIER = com.AlexeyVoronov.MusicApp;
				PRODUCT_NAME = "$(TARGET_NAME)";
				SWIFT_VERSION = 5.0;
				TARGETED_DEVICE_FAMILY = "1,2";
			};
			name = Debug;
		};
		ABF154F4232DF1B600114078 /* Release */ = {
			isa = XCBuildConfiguration;
			baseConfigurationReference = E536E40F4520A60C53D79ACF /* Pods-MusicApp.release.xcconfig */;
			buildSettings = {
				ASSETCATALOG_COMPILER_APPICON_NAME = AppIcon;
				CODE_SIGN_STYLE = Automatic;
				DEVELOPMENT_TEAM = N8AX386RTP;
				INFOPLIST_FILE = MusicApp/Info.plist;
				LD_RUNPATH_SEARCH_PATHS = (
					"$(inherited)",
					"@executable_path/Frameworks",
				);
				PRODUCT_BUNDLE_IDENTIFIER = com.AlexeyVoronov.MusicApp;
				PRODUCT_NAME = "$(TARGET_NAME)";
				SWIFT_VERSION = 5.0;
				TARGETED_DEVICE_FAMILY = "1,2";
			};
			name = Release;
		};
/* End XCBuildConfiguration section */

/* Begin XCConfigurationList section */
		ABF154D6232DF1AE00114078 /* Build configuration list for PBXProject "MusicApp" */ = {
			isa = XCConfigurationList;
			buildConfigurations = (
				ABF154F0232DF1B600114078 /* Debug */,
				ABF154F1232DF1B600114078 /* Release */,
			);
			defaultConfigurationIsVisible = 0;
			defaultConfigurationName = Release;
		};
		ABF154F2232DF1B600114078 /* Build configuration list for PBXNativeTarget "MusicApp" */ = {
			isa = XCConfigurationList;
			buildConfigurations = (
				ABF154F3232DF1B600114078 /* Debug */,
				ABF154F4232DF1B600114078 /* Release */,
			);
			defaultConfigurationIsVisible = 0;
			defaultConfigurationName = Release;
		};
/* End XCConfigurationList section */

/* Begin XCVersionGroup section */
		ABF154E7232DF1AE00114078 /* MusicApp.xcdatamodeld */ = {
			isa = XCVersionGroup;
			children = (
				ABF154E8232DF1AE00114078 /* MusicApp.xcdatamodel */,
			);
			currentVersion = ABF154E8232DF1AE00114078 /* MusicApp.xcdatamodel */;
			path = MusicApp.xcdatamodeld;
			sourceTree = "<group>";
			versionGroupType = wrapper.xcdatamodel;
		};
/* End XCVersionGroup section */
	};
	rootObject = ABF154D3232DF1AE00114078 /* Project object */;
}
