// !$*UTF8*$!
{
	archiveVersion = 1;
	classes = {
	};
	objectVersion = 52;
	objects = {

/* Begin PBXBuildFile section */
		AB0A55DE232E0DF200151FF6 /* APIService.swift in Sources */ = {isa = PBXBuildFile; fileRef = AB0A55DD232E0DF200151FF6 /* APIService.swift */; };
		AB0A55E0232E100800151FF6 /* Endpoint.swift in Sources */ = {isa = PBXBuildFile; fileRef = AB0A55DF232E100800151FF6 /* Endpoint.swift */; };
		AB0A55E2232E132700151FF6 /* Container.swift in Sources */ = {isa = PBXBuildFile; fileRef = AB0A55E1232E132700151FF6 /* Container.swift */; };
		AB0A55E5232E149400151FF6 /* Tracks.swift in Sources */ = {isa = PBXBuildFile; fileRef = AB0A55E4232E149400151FF6 /* Tracks.swift */; };
		ABB986FC232E3ECA00719FF9 /* TrackCell.xib in Resources */ = {isa = PBXBuildFile; fileRef = ABB986FB232E3ECA00719FF9 /* TrackCell.xib */; };
		ABB986FF232E3EFD00719FF9 /* TrackCell.swift in Sources */ = {isa = PBXBuildFile; fileRef = ABB986FE232E3EFD00719FF9 /* TrackCell.swift */; };
		ABB98702232E837900719FF9 /* FooterView.swift in Sources */ = {isa = PBXBuildFile; fileRef = ABB98701232E837900719FF9 /* FooterView.swift */; };
		ABB98705232E89CD00719FF9 /* TrackDetailView.swift in Sources */ = {isa = PBXBuildFile; fileRef = ABB98704232E89CD00719FF9 /* TrackDetailView.swift */; };
		ABB98707232E89DE00719FF9 /* TrackDetailView.xib in Resources */ = {isa = PBXBuildFile; fileRef = ABB98706232E89DE00719FF9 /* TrackDetailView.xib */; };
		ABB98709232EA14600719FF9 /* CMTime + Extension.swift in Sources */ = {isa = PBXBuildFile; fileRef = ABB98708232EA14600719FF9 /* CMTime + Extension.swift */; };
		ABB9870B232EB01C00719FF9 /* UIView + Extension.swift in Sources */ = {isa = PBXBuildFile; fileRef = ABB9870A232EB01C00719FF9 /* UIView + Extension.swift */; };
		ABB9870D232FDAEB00719FF9 /* LibraryView.swift in Sources */ = {isa = PBXBuildFile; fileRef = ABB9870C232FDAEB00719FF9 /* LibraryView.swift */; };
		ABB98710232FE13000719FF9 /* LibraryCell.swift in Sources */ = {isa = PBXBuildFile; fileRef = ABB9870F232FE13000719FF9 /* LibraryCell.swift */; };
		ABB98718232FE8DC00719FF9 /* TrackLocal+CoreDataClass.swift in Sources */ = {isa = PBXBuildFile; fileRef = ABB98716232FE8DC00719FF9 /* TrackLocal+CoreDataClass.swift */; };
		ABB98719232FE8DC00719FF9 /* TrackLocal+CoreDataProperties.swift in Sources */ = {isa = PBXBuildFile; fileRef = ABB98717232FE8DC00719FF9 /* TrackLocal+CoreDataProperties.swift */; };
		ABB9871B232FE95400719FF9 /* CoreDataManager.swift in Sources */ = {isa = PBXBuildFile; fileRef = ABB9871A232FE95400719FF9 /* CoreDataManager.swift */; };
		ABB99E4F234641DA0089DEF4 /* Kingfisher in Frameworks */ = {isa = PBXBuildFile; productRef = ABB99E4E234641DA0089DEF4 /* Kingfisher */; };
		ABB99E51234641DA0089DEF4 /* KingfisherSwiftUI in Frameworks */ = {isa = PBXBuildFile; productRef = ABB99E50234641DA0089DEF4 /* KingfisherSwiftUI */; };
		ABCA6842232E249D00EE62F2 /* SearchPresenter.swift in Sources */ = {isa = PBXBuildFile; fileRef = ABCA683B232E249D00EE62F2 /* SearchPresenter.swift */; };
		ABCA6843232E249D00EE62F2 /* SearchWorker.swift in Sources */ = {isa = PBXBuildFile; fileRef = ABCA683C232E249D00EE62F2 /* SearchWorker.swift */; };
		ABCA6844232E249D00EE62F2 /* SearchRouter.swift in Sources */ = {isa = PBXBuildFile; fileRef = ABCA683D232E249D00EE62F2 /* SearchRouter.swift */; };
		ABCA6845232E249D00EE62F2 /* SearchModels.swift in Sources */ = {isa = PBXBuildFile; fileRef = ABCA683E232E249D00EE62F2 /* SearchModels.swift */; };
		ABCA6846232E249D00EE62F2 /* SearchViewController.swift in Sources */ = {isa = PBXBuildFile; fileRef = ABCA683F232E249D00EE62F2 /* SearchViewController.swift */; };
		ABCA6847232E249D00EE62F2 /* SearchInteractor.swift in Sources */ = {isa = PBXBuildFile; fileRef = ABCA6840232E249D00EE62F2 /* SearchInteractor.swift */; };
		ABCA684A232E255B00EE62F2 /* Main.storyboard in Resources */ = {isa = PBXBuildFile; fileRef = ABCA6849232E255B00EE62F2 /* Main.storyboard */; };
		ABCA684C232E290B00EE62F2 /* SearchViewController.storyboard in Resources */ = {isa = PBXBuildFile; fileRef = ABCA684B232E290B00EE62F2 /* SearchViewController.storyboard */; };
		ABCA684E232E2AD900EE62F2 /* UIViewController+Storyboard.swift in Sources */ = {isa = PBXBuildFile; fileRef = ABCA684D232E2AD900EE62F2 /* UIViewController+Storyboard.swift */; };
		ABF154DF232DF1AE00114078 /* AppDelegate.swift in Sources */ = {isa = PBXBuildFile; fileRef = ABF154DE232DF1AE00114078 /* AppDelegate.swift */; };
		ABF154E1232DF1AE00114078 /* SceneDelegate.swift in Sources */ = {isa = PBXBuildFile; fileRef = ABF154E0232DF1AE00114078 /* SceneDelegate.swift */; };
		ABF154E9232DF1AE00114078 /* MusicApp.xcdatamodeld in Sources */ = {isa = PBXBuildFile; fileRef = ABF154E7232DF1AE00114078 /* MusicApp.xcdatamodeld */; };
		ABF154EB232DF1B600114078 /* Assets.xcassets in Resources */ = {isa = PBXBuildFile; fileRef = ABF154EA232DF1B600114078 /* Assets.xcassets */; };
		ABF154EE232DF1B600114078 /* LaunchScreen.storyboard in Resources */ = {isa = PBXBuildFile; fileRef = ABF154EC232DF1B600114078 /* LaunchScreen.storyboard */; };
		ABF154F6232DF2D300114078 /* TabBarController.swift in Sources */ = {isa = PBXBuildFile; fileRef = ABF154F5232DF2D300114078 /* TabBarController.swift */; };
/* End PBXBuildFile section */

/* Begin PBXFileReference section */
		AB0A55DD232E0DF200151FF6 /* APIService.swift */ = {isa = PBXFileReference; lastKnownFileType = sourcecode.swift; path = APIService.swift; sourceTree = "<group>"; };
		AB0A55DF232E100800151FF6 /* Endpoint.swift */ = {isa = PBXFileReference; lastKnownFileType = sourcecode.swift; path = Endpoint.swift; sourceTree = "<group>"; };
		AB0A55E1232E132700151FF6 /* Container.swift */ = {isa = PBXFileReference; lastKnownFileType = sourcecode.swift; path = Container.swift; sourceTree = "<group>"; };
		AB0A55E4232E149400151FF6 /* Tracks.swift */ = {isa = PBXFileReference; lastKnownFileType = sourcecode.swift; path = Tracks.swift; sourceTree = "<group>"; };
		ABB986FB232E3ECA00719FF9 /* TrackCell.xib */ = {isa = PBXFileReference; lastKnownFileType = file.xib; path = TrackCell.xib; sourceTree = "<group>"; };
		ABB986FE232E3EFD00719FF9 /* TrackCell.swift */ = {isa = PBXFileReference; lastKnownFileType = sourcecode.swift; path = TrackCell.swift; sourceTree = "<group>"; };
		ABB98701232E837900719FF9 /* FooterView.swift */ = {isa = PBXFileReference; lastKnownFileType = sourcecode.swift; path = FooterView.swift; sourceTree = "<group>"; };
		ABB98704232E89CD00719FF9 /* TrackDetailView.swift */ = {isa = PBXFileReference; lastKnownFileType = sourcecode.swift; path = TrackDetailView.swift; sourceTree = "<group>"; };
		ABB98706232E89DE00719FF9 /* TrackDetailView.xib */ = {isa = PBXFileReference; lastKnownFileType = file.xib; path = TrackDetailView.xib; sourceTree = "<group>"; };
		ABB98708232EA14600719FF9 /* CMTime + Extension.swift */ = {isa = PBXFileReference; lastKnownFileType = sourcecode.swift; path = "CMTime + Extension.swift"; sourceTree = "<group>"; };
		ABB9870A232EB01C00719FF9 /* UIView + Extension.swift */ = {isa = PBXFileReference; lastKnownFileType = sourcecode.swift; path = "UIView + Extension.swift"; sourceTree = "<group>"; };
		ABB9870C232FDAEB00719FF9 /* LibraryView.swift */ = {isa = PBXFileReference; lastKnownFileType = sourcecode.swift; path = LibraryView.swift; sourceTree = "<group>"; };
		ABB9870F232FE13000719FF9 /* LibraryCell.swift */ = {isa = PBXFileReference; lastKnownFileType = sourcecode.swift; path = LibraryCell.swift; sourceTree = "<group>"; };
		ABB98716232FE8DC00719FF9 /* TrackLocal+CoreDataClass.swift */ = {isa = PBXFileReference; lastKnownFileType = sourcecode.swift; name = "TrackLocal+CoreDataClass.swift"; path = "MusicApp/LocalData/TrackLocal/TrackLocal+CoreDataClass.swift"; sourceTree = SOURCE_ROOT; };
		ABB98717232FE8DC00719FF9 /* TrackLocal+CoreDataProperties.swift */ = {isa = PBXFileReference; lastKnownFileType = sourcecode.swift; name = "TrackLocal+CoreDataProperties.swift"; path = "MusicApp/LocalData/TrackLocal/TrackLocal+CoreDataProperties.swift"; sourceTree = SOURCE_ROOT; };
		ABB9871A232FE95400719FF9 /* CoreDataManager.swift */ = {isa = PBXFileReference; lastKnownFileType = sourcecode.swift; path = CoreDataManager.swift; sourceTree = "<group>"; };
		ABCA683B232E249D00EE62F2 /* SearchPresenter.swift */ = {isa = PBXFileReference; lastKnownFileType = sourcecode.swift; path = SearchPresenter.swift; sourceTree = "<group>"; };
		ABCA683C232E249D00EE62F2 /* SearchWorker.swift */ = {isa = PBXFileReference; lastKnownFileType = sourcecode.swift; path = SearchWorker.swift; sourceTree = "<group>"; };
		ABCA683D232E249D00EE62F2 /* SearchRouter.swift */ = {isa = PBXFileReference; lastKnownFileType = sourcecode.swift; path = SearchRouter.swift; sourceTree = "<group>"; };
		ABCA683E232E249D00EE62F2 /* SearchModels.swift */ = {isa = PBXFileReference; lastKnownFileType = sourcecode.swift; path = SearchModels.swift; sourceTree = "<group>"; };
		ABCA683F232E249D00EE62F2 /* SearchViewController.swift */ = {isa = PBXFileReference; lastKnownFileType = sourcecode.swift; path = SearchViewController.swift; sourceTree = "<group>"; };
		ABCA6840232E249D00EE62F2 /* SearchInteractor.swift */ = {isa = PBXFileReference; lastKnownFileType = sourcecode.swift; path = SearchInteractor.swift; sourceTree = "<group>"; };
		ABCA6849232E255B00EE62F2 /* Main.storyboard */ = {isa = PBXFileReference; lastKnownFileType = file.storyboard; path = Main.storyboard; sourceTree = "<group>"; };
		ABCA684B232E290B00EE62F2 /* SearchViewController.storyboard */ = {isa = PBXFileReference; lastKnownFileType = file.storyboard; path = SearchViewController.storyboard; sourceTree = "<group>"; };
		ABCA684D232E2AD900EE62F2 /* UIViewController+Storyboard.swift */ = {isa = PBXFileReference; lastKnownFileType = sourcecode.swift; path = "UIViewController+Storyboard.swift"; sourceTree = "<group>"; };
		ABF154DB232DF1AE00114078 /* MusicApp.app */ = {isa = PBXFileReference; explicitFileType = wrapper.application; includeInIndex = 0; path = MusicApp.app; sourceTree = BUILT_PRODUCTS_DIR; };
		ABF154DE232DF1AE00114078 /* AppDelegate.swift */ = {isa = PBXFileReference; lastKnownFileType = sourcecode.swift; path = AppDelegate.swift; sourceTree = "<group>"; };
		ABF154E0232DF1AE00114078 /* SceneDelegate.swift */ = {isa = PBXFileReference; lastKnownFileType = sourcecode.swift; path = SceneDelegate.swift; sourceTree = "<group>"; };
		ABF154E8232DF1AE00114078 /* MusicApp.xcdatamodel */ = {isa = PBXFileReference; lastKnownFileType = wrapper.xcdatamodel; path = MusicApp.xcdatamodel; sourceTree = "<group>"; };
		ABF154EA232DF1B600114078 /* Assets.xcassets */ = {isa = PBXFileReference; lastKnownFileType = folder.assetcatalog; path = Assets.xcassets; sourceTree = "<group>"; };
		ABF154ED232DF1B600114078 /* Base */ = {isa = PBXFileReference; lastKnownFileType = file.storyboard; name = Base; path = Base.lproj/LaunchScreen.storyboard; sourceTree = "<group>"; };
		ABF154EF232DF1B600114078 /* Info.plist */ = {isa = PBXFileReference; lastKnownFileType = text.plist.xml; path = Info.plist; sourceTree = "<group>"; };
		ABF154F5232DF2D300114078 /* TabBarController.swift */ = {isa = PBXFileReference; lastKnownFileType = sourcecode.swift; path = TabBarController.swift; sourceTree = "<group>"; };
/* End PBXFileReference section */

/* Begin PBXFrameworksBuildPhase section */
		ABF154D8232DF1AE00114078 /* Frameworks */ = {
			isa = PBXFrameworksBuildPhase;
			buildActionMask = 2147483647;
			files = (
				ABB99E51234641DA0089DEF4 /* KingfisherSwiftUI in Frameworks */,
				ABB99E4F234641DA0089DEF4 /* Kingfisher in Frameworks */,
			);
			runOnlyForDeploymentPostprocessing = 0;
		};
/* End PBXFrameworksBuildPhase section */

/* Begin PBXGroup section */
		AB0A55DC232E0DD300151FF6 /* API */ = {
			isa = PBXGroup;
			children = (
				AB0A55DD232E0DF200151FF6 /* APIService.swift */,
				AB0A55DF232E100800151FF6 /* Endpoint.swift */,
			);
			path = API;
			sourceTree = "<group>";
		};
		AB0A55E3232E147F00151FF6 /* DataModels */ = {
			isa = PBXGroup;
			children = (
				AB0A55E4232E149400151FF6 /* Tracks.swift */,
			);
			path = DataModels;
			sourceTree = "<group>";
		};
		ABB986FD232E3ECF00719FF9 /* Cell */ = {
			isa = PBXGroup;
			children = (
				ABB986FB232E3ECA00719FF9 /* TrackCell.xib */,
				ABB986FE232E3EFD00719FF9 /* TrackCell.swift */,
			);
			path = Cell;
			sourceTree = "<group>";
		};
		ABB98700232E836700719FF9 /* FooterView */ = {
			isa = PBXGroup;
			children = (
				ABB98701232E837900719FF9 /* FooterView.swift */,
			);
			path = FooterView;
			sourceTree = "<group>";
		};
		ABB98703232E89BA00719FF9 /* TrackDetailView */ = {
			isa = PBXGroup;
			children = (
				ABB98704232E89CD00719FF9 /* TrackDetailView.swift */,
				ABB98706232E89DE00719FF9 /* TrackDetailView.xib */,
			);
			path = TrackDetailView;
			sourceTree = "<group>";
		};
		ABB9870E232FE12100719FF9 /* Cell */ = {
			isa = PBXGroup;
			children = (
				ABB9870F232FE13000719FF9 /* LibraryCell.swift */,
			);
			path = Cell;
			sourceTree = "<group>";
		};
		ABB98711232FE89B00719FF9 /* LocalData */ = {
			isa = PBXGroup;
			children = (
				ABB9871C232FEB5900719FF9 /* TrackLocal */,
				ABB9871A232FE95400719FF9 /* CoreDataManager.swift */,
			);
			path = LocalData;
			sourceTree = "<group>";
		};
		ABB9871C232FEB5900719FF9 /* TrackLocal */ = {
			isa = PBXGroup;
			children = (
				ABB98716232FE8DC00719FF9 /* TrackLocal+CoreDataClass.swift */,
				ABB98717232FE8DC00719FF9 /* TrackLocal+CoreDataProperties.swift */,
			);
			path = TrackLocal;
			sourceTree = "<group>";
		};
		ABCA6837232E242D00EE62F2 /* UI */ = {
			isa = PBXGroup;
			children = (
				ABF154F5232DF2D300114078 /* TabBarController.swift */,
				ABCA6838232E244000EE62F2 /* Library */,
				ABCA6839232E244800EE62F2 /* Search */,
			);
			path = UI;
			sourceTree = "<group>";
		};
		ABCA6838232E244000EE62F2 /* Library */ = {
			isa = PBXGroup;
			children = (
				ABB9870E232FE12100719FF9 /* Cell */,
				ABB9870C232FDAEB00719FF9 /* LibraryView.swift */,
			);
			path = Library;
			sourceTree = "<group>";
		};
		ABCA6839232E244800EE62F2 /* Search */ = {
			isa = PBXGroup;
			children = (
				ABB98703232E89BA00719FF9 /* TrackDetailView */,
				ABB98700232E836700719FF9 /* FooterView */,
				ABB986FD232E3ECF00719FF9 /* Cell */,
				ABCA683F232E249D00EE62F2 /* SearchViewController.swift */,
				ABCA6840232E249D00EE62F2 /* SearchInteractor.swift */,
				ABCA683B232E249D00EE62F2 /* SearchPresenter.swift */,
				ABCA683E232E249D00EE62F2 /* SearchModels.swift */,
				ABCA683C232E249D00EE62F2 /* SearchWorker.swift */,
				ABCA683D232E249D00EE62F2 /* SearchRouter.swift */,
				ABCA684B232E290B00EE62F2 /* SearchViewController.storyboard */,
			);
			path = Search;
			sourceTree = "<group>";
		};
		ABCA683A232E245400EE62F2 /* Tools */ = {
			isa = PBXGroup;
			children = (
				AB0A55E1232E132700151FF6 /* Container.swift */,
				ABCA684D232E2AD900EE62F2 /* UIViewController+Storyboard.swift */,
				ABB98708232EA14600719FF9 /* CMTime + Extension.swift */,
				ABB9870A232EB01C00719FF9 /* UIView + Extension.swift */,
			);
			path = Tools;
			sourceTree = "<group>";
		};
		ABF154D2232DF1AE00114078 = {
			isa = PBXGroup;
			children = (
				ABF154DD232DF1AE00114078 /* MusicApp */,
				ABF154DC232DF1AE00114078 /* Products */,
			);
			sourceTree = "<group>";
		};
		ABF154DC232DF1AE00114078 /* Products */ = {
			isa = PBXGroup;
			children = (
				ABF154DB232DF1AE00114078 /* MusicApp.app */,
			);
			name = Products;
			sourceTree = "<group>";
		};
		ABF154DD232DF1AE00114078 /* MusicApp */ = {
			isa = PBXGroup;
			children = (
				AB0A55DC232E0DD300151FF6 /* API */,
				AB0A55E3232E147F00151FF6 /* DataModels */,
				ABB98711232FE89B00719FF9 /* LocalData */,
				ABCA683A232E245400EE62F2 /* Tools */,
				ABCA6837232E242D00EE62F2 /* UI */,
				ABF154DE232DF1AE00114078 /* AppDelegate.swift */,
				ABF154E0232DF1AE00114078 /* SceneDelegate.swift */,
				ABF154EA232DF1B600114078 /* Assets.xcassets */,
				ABF154EC232DF1B600114078 /* LaunchScreen.storyboard */,
				ABF154EF232DF1B600114078 /* Info.plist */,
				ABF154E7232DF1AE00114078 /* MusicApp.xcdatamodeld */,
				ABCA6849232E255B00EE62F2 /* Main.storyboard */,
			);
			path = MusicApp;
			sourceTree = "<group>";
		};
/* End PBXGroup section */

/* Begin PBXNativeTarget section */
		ABF154DA232DF1AE00114078 /* MusicApp */ = {
			isa = PBXNativeTarget;
			buildConfigurationList = ABF154F2232DF1B600114078 /* Build configuration list for PBXNativeTarget "MusicApp" */;
			buildPhases = (
				ABF154D7232DF1AE00114078 /* Sources */,
				ABF154D8232DF1AE00114078 /* Frameworks */,
				ABF154D9232DF1AE00114078 /* Resources */,
			);
			buildRules = (
			);
			dependencies = (
			);
			name = MusicApp;
			packageProductDependencies = (
				ABB99E4E234641DA0089DEF4 /* Kingfisher */,
				ABB99E50234641DA0089DEF4 /* KingfisherSwiftUI */,
			);
			productName = MusicApp;
			productReference = ABF154DB232DF1AE00114078 /* MusicApp.app */;
			productType = "com.apple.product-type.application";
		};
/* End PBXNativeTarget section */

/* Begin PBXProject section */
		ABF154D3232DF1AE00114078 /* Project object */ = {
			isa = PBXProject;
			attributes = {
				LastSwiftUpdateCheck = 1100;
				LastUpgradeCheck = 1100;
				ORGANIZATIONNAME = "Алексей Воронов";
				TargetAttributes = {
					ABF154DA232DF1AE00114078 = {
						CreatedOnToolsVersion = 11.0;
					};
				};
			};
			buildConfigurationList = ABF154D6232DF1AE00114078 /* Build configuration list for PBXProject "MusicApp" */;
			compatibilityVersion = "Xcode 9.3";
			developmentRegion = en;
			hasScannedForEncodings = 0;
			knownRegions = (
				en,
				Base,
			);
			mainGroup = ABF154D2232DF1AE00114078;
			packageReferences = (
				ABB99E4D234641DA0089DEF4 /* XCRemoteSwiftPackageReference "Kingfisher" */,
			);
			productRefGroup = ABF154DC232DF1AE00114078 /* Products */;
			projectDirPath = "";
			projectRoot = "";
			targets = (
				ABF154DA232DF1AE00114078 /* MusicApp */,
			);
		};
/* End PBXProject section */

/* Begin PBXResourcesBuildPhase section */
		ABF154D9232DF1AE00114078 /* Resources */ = {
			isa = PBXResourcesBuildPhase;
			buildActionMask = 2147483647;
			files = (
				ABF154EE232DF1B600114078 /* LaunchScreen.storyboard in Resources */,
				ABB98707232E89DE00719FF9 /* TrackDetailView.xib in Resources */,
				ABB986FC232E3ECA00719FF9 /* TrackCell.xib in Resources */,
				ABF154EB232DF1B600114078 /* Assets.xcassets in Resources */,
				ABCA684A232E255B00EE62F2 /* Main.storyboard in Resources */,
				ABCA684C232E290B00EE62F2 /* SearchViewController.storyboard in Resources */,
			);
			runOnlyForDeploymentPostprocessing = 0;
		};
/* End PBXResourcesBuildPhase section */

/* Begin PBXSourcesBuildPhase section */
		ABF154D7232DF1AE00114078 /* Sources */ = {
			isa = PBXSourcesBuildPhase;
			buildActionMask = 2147483647;
			files = (
				ABCA6846232E249D00EE62F2 /* SearchViewController.swift in Sources */,
				ABB98710232FE13000719FF9 /* LibraryCell.swift in Sources */,
				ABCA684E232E2AD900EE62F2 /* UIViewController+Storyboard.swift in Sources */,
				ABB98702232E837900719FF9 /* FooterView.swift in Sources */,
				ABB98705232E89CD00719FF9 /* TrackDetailView.swift in Sources */,
				ABCA6842232E249D00EE62F2 /* SearchPresenter.swift in Sources */,
				ABB9870B232EB01C00719FF9 /* UIView + Extension.swift in Sources */,
				ABCA6847232E249D00EE62F2 /* SearchInteractor.swift in Sources */,
				ABB98709232EA14600719FF9 /* CMTime + Extension.swift in Sources */,
				AB0A55DE232E0DF200151FF6 /* APIService.swift in Sources */,
				AB0A55E0232E100800151FF6 /* Endpoint.swift in Sources */,
				ABCA6843232E249D00EE62F2 /* SearchWorker.swift in Sources */,
				ABF154DF232DF1AE00114078 /* AppDelegate.swift in Sources */,
				ABCA6845232E249D00EE62F2 /* SearchModels.swift in Sources */,
				ABB986FF232E3EFD00719FF9 /* TrackCell.swift in Sources */,
				ABF154E1232DF1AE00114078 /* SceneDelegate.swift in Sources */,
				ABB98718232FE8DC00719FF9 /* TrackLocal+CoreDataClass.swift in Sources */,
				ABB98719232FE8DC00719FF9 /* TrackLocal+CoreDataProperties.swift in Sources */,
				ABB9871B232FE95400719FF9 /* CoreDataManager.swift in Sources */,
				AB0A55E5232E149400151FF6 /* Tracks.swift in Sources */,
				ABF154F6232DF2D300114078 /* TabBarController.swift in Sources */,
				ABB9870D232FDAEB00719FF9 /* LibraryView.swift in Sources */,
				AB0A55E2232E132700151FF6 /* Container.swift in Sources */,
				ABF154E9232DF1AE00114078 /* MusicApp.xcdatamodeld in Sources */,
				ABCA6844232E249D00EE62F2 /* SearchRouter.swift in Sources */,
			);
			runOnlyForDeploymentPostprocessing = 0;
		};
/* End PBXSourcesBuildPhase section */

/* Begin PBXVariantGroup section */
		ABF154EC232DF1B600114078 /* LaunchScreen.storyboard */ = {
			isa = PBXVariantGroup;
			children = (
				ABF154ED232DF1B600114078 /* Base */,
			);
			name = LaunchScreen.storyboard;
			sourceTree = "<group>";
		};
/* End PBXVariantGroup section */

/* Begin XCBuildConfiguration section */
		ABF154F0232DF1B600114078 /* Debug */ = {
			isa = XCBuildConfiguration;
			buildSettings = {
				ALWAYS_SEARCH_USER_PATHS = NO;
				CLANG_ANALYZER_NONNULL = YES;
				CLANG_ANALYZER_NUMBER_OBJECT_CONVERSION = YES_AGGRESSIVE;
				CLANG_CXX_LANGUAGE_STANDARD = "gnu++14";
				CLANG_CXX_LIBRARY = "libc++";
				CLANG_ENABLE_MODULES = YES;
				CLANG_ENABLE_OBJC_ARC = YES;
				CLANG_ENABLE_OBJC_WEAK = YES;
				CLANG_WARN_BLOCK_CAPTURE_AUTORELEASING = YES;
				CLANG_WARN_BOOL_CONVERSION = YES;
				CLANG_WARN_COMMA = YES;
				CLANG_WARN_CONSTANT_CONVERSION = YES;
				CLANG_WARN_DEPRECATED_OBJC_IMPLEMENTATIONS = YES;
				CLANG_WARN_DIRECT_OBJC_ISA_USAGE = YES_ERROR;
				CLANG_WARN_DOCUMENTATION_COMMENTS = YES;
				CLANG_WARN_EMPTY_BODY = YES;
				CLANG_WARN_ENUM_CONVERSION = YES;
				CLANG_WARN_INFINITE_RECURSION = YES;
				CLANG_WARN_INT_CONVERSION = YES;
				CLANG_WARN_NON_LITERAL_NULL_CONVERSION = YES;
				CLANG_WARN_OBJC_IMPLICIT_RETAIN_SELF = YES;
				CLANG_WARN_OBJC_LITERAL_CONVERSION = YES;
				CLANG_WARN_OBJC_ROOT_CLASS = YES_ERROR;
				CLANG_WARN_RANGE_LOOP_ANALYSIS = YES;
				CLANG_WARN_STRICT_PROTOTYPES = YES;
				CLANG_WARN_SUSPICIOUS_MOVE = YES;
				CLANG_WARN_UNGUARDED_AVAILABILITY = YES_AGGRESSIVE;
				CLANG_WARN_UNREACHABLE_CODE = YES;
				CLANG_WARN__DUPLICATE_METHOD_MATCH = YES;
				COPY_PHASE_STRIP = NO;
				DEAD_CODE_STRIPPING = NO;
				DEBUG_INFORMATION_FORMAT = dwarf;
				ENABLE_STRICT_OBJC_MSGSEND = YES;
				ENABLE_TESTABILITY = YES;
				GCC_C_LANGUAGE_STANDARD = gnu11;
				GCC_DYNAMIC_NO_PIC = NO;
				GCC_NO_COMMON_BLOCKS = YES;
				GCC_OPTIMIZATION_LEVEL = 0;
				GCC_PREPROCESSOR_DEFINITIONS = (
					"DEBUG=1",
					"$(inherited)",
				);
				GCC_WARN_64_TO_32_BIT_CONVERSION = YES;
				GCC_WARN_ABOUT_RETURN_TYPE = YES_ERROR;
				GCC_WARN_UNDECLARED_SELECTOR = YES;
				GCC_WARN_UNINITIALIZED_AUTOS = YES_AGGRESSIVE;
				GCC_WARN_UNUSED_FUNCTION = YES;
				GCC_WARN_UNUSED_VARIABLE = YES;
				IPHONEOS_DEPLOYMENT_TARGET = 13.0;
				MTL_ENABLE_DEBUG_INFO = INCLUDE_SOURCE;
				MTL_FAST_MATH = YES;
				ONLY_ACTIVE_ARCH = YES;
				SDKROOT = iphoneos;
				SWIFT_ACTIVE_COMPILATION_CONDITIONS = DEBUG;
				SWIFT_OPTIMIZATION_LEVEL = "-Onone";
			};
			name = Debug;
		};
		ABF154F1232DF1B600114078 /* Release */ = {
			isa = XCBuildConfiguration;
			buildSettings = {
				ALWAYS_SEARCH_USER_PATHS = NO;
				CLANG_ANALYZER_NONNULL = YES;
				CLANG_ANALYZER_NUMBER_OBJECT_CONVERSION = YES_AGGRESSIVE;
				CLANG_CXX_LANGUAGE_STANDARD = "gnu++14";
				CLANG_CXX_LIBRARY = "libc++";
				CLANG_ENABLE_MODULES = YES;
				CLANG_ENABLE_OBJC_ARC = YES;
				CLANG_ENABLE_OBJC_WEAK = YES;
				CLANG_WARN_BLOCK_CAPTURE_AUTORELEASING = YES;
				CLANG_WARN_BOOL_CONVERSION = YES;
				CLANG_WARN_COMMA = YES;
				CLANG_WARN_CONSTANT_CONVERSION = YES;
				CLANG_WARN_DEPRECATED_OBJC_IMPLEMENTATIONS = YES;
				CLANG_WARN_DIRECT_OBJC_ISA_USAGE = YES_ERROR;
				CLANG_WARN_DOCUMENTATION_COMMENTS = YES;
				CLANG_WARN_EMPTY_BODY = YES;
				CLANG_WARN_ENUM_CONVERSION = YES;
				CLANG_WARN_INFINITE_RECURSION = YES;
				CLANG_WARN_INT_CONVERSION = YES;
				CLANG_WARN_NON_LITERAL_NULL_CONVERSION = YES;
				CLANG_WARN_OBJC_IMPLICIT_RETAIN_SELF = YES;
				CLANG_WARN_OBJC_LITERAL_CONVERSION = YES;
				CLANG_WARN_OBJC_ROOT_CLASS = YES_ERROR;
				CLANG_WARN_RANGE_LOOP_ANALYSIS = YES;
				CLANG_WARN_STRICT_PROTOTYPES = YES;
				CLANG_WARN_SUSPICIOUS_MOVE = YES;
				CLANG_WARN_UNGUARDED_AVAILABILITY = YES_AGGRESSIVE;
				CLANG_WARN_UNREACHABLE_CODE = YES;
				CLANG_WARN__DUPLICATE_METHOD_MATCH = YES;
				COPY_PHASE_STRIP = NO;
				DEAD_CODE_STRIPPING = NO;
				DEBUG_INFORMATION_FORMAT = "dwarf-with-dsym";
				ENABLE_NS_ASSERTIONS = NO;
				ENABLE_STRICT_OBJC_MSGSEND = YES;
				GCC_C_LANGUAGE_STANDARD = gnu11;
				GCC_NO_COMMON_BLOCKS = YES;
				GCC_WARN_64_TO_32_BIT_CONVERSION = YES;
				GCC_WARN_ABOUT_RETURN_TYPE = YES_ERROR;
				GCC_WARN_UNDECLARED_SELECTOR = YES;
				GCC_WARN_UNINITIALIZED_AUTOS = YES_AGGRESSIVE;
				GCC_WARN_UNUSED_FUNCTION = YES;
				GCC_WARN_UNUSED_VARIABLE = YES;
				IPHONEOS_DEPLOYMENT_TARGET = 13.0;
				MTL_ENABLE_DEBUG_INFO = NO;
				MTL_FAST_MATH = YES;
				SDKROOT = iphoneos;
				SWIFT_COMPILATION_MODE = wholemodule;
				SWIFT_OPTIMIZATION_LEVEL = "-O";
				VALIDATE_PRODUCT = YES;
			};
			name = Release;
		};
		ABF154F3232DF1B600114078 /* Debug */ = {
			isa = XCBuildConfiguration;
			buildSettings = {
				ASSETCATALOG_COMPILER_APPICON_NAME = AppIcon;
				CODE_SIGN_STYLE = Automatic;
				DEVELOPMENT_TEAM = N8AX386RTP;
				INFOPLIST_FILE = MusicApp/Info.plist;
				LD_RUNPATH_SEARCH_PATHS = (
					"$(inherited)",
					"@executable_path/Frameworks",
				);
				PRODUCT_BUNDLE_IDENTIFIER = com.AlexeyVoronov.MusicApp;
				PRODUCT_NAME = "$(TARGET_NAME)";
				SWIFT_VERSION = 5.0;
				TARGETED_DEVICE_FAMILY = 1;
			};
			name = Debug;
		};
		ABF154F4232DF1B600114078 /* Release */ = {
			isa = XCBuildConfiguration;
			buildSettings = {
				ASSETCATALOG_COMPILER_APPICON_NAME = AppIcon;
				CODE_SIGN_STYLE = Automatic;
				DEVELOPMENT_TEAM = N8AX386RTP;
				INFOPLIST_FILE = MusicApp/Info.plist;
				LD_RUNPATH_SEARCH_PATHS = (
					"$(inherited)",
					"@executable_path/Frameworks",
				);
				PRODUCT_BUNDLE_IDENTIFIER = com.AlexeyVoronov.MusicApp;
				PRODUCT_NAME = "$(TARGET_NAME)";
				SWIFT_VERSION = 5.0;
				TARGETED_DEVICE_FAMILY = 1;
			};
			name = Release;
		};
/* End XCBuildConfiguration section */

/* Begin XCConfigurationList section */
		ABF154D6232DF1AE00114078 /* Build configuration list for PBXProject "MusicApp" */ = {
			isa = XCConfigurationList;
			buildConfigurations = (
				ABF154F0232DF1B600114078 /* Debug */,
				ABF154F1232DF1B600114078 /* Release */,
			);
			defaultConfigurationIsVisible = 0;
			defaultConfigurationName = Release;
		};
		ABF154F2232DF1B600114078 /* Build configuration list for PBXNativeTarget "MusicApp" */ = {
			isa = XCConfigurationList;
			buildConfigurations = (
				ABF154F3232DF1B600114078 /* Debug */,
				ABF154F4232DF1B600114078 /* Release */,
			);
			defaultConfigurationIsVisible = 0;
			defaultConfigurationName = Release;
		};
/* End XCConfigurationList section */

/* Begin XCRemoteSwiftPackageReference section */
		ABB99E4D234641DA0089DEF4 /* XCRemoteSwiftPackageReference "Kingfisher" */ = {
			isa = XCRemoteSwiftPackageReference;
			repositoryURL = "https://github.com/onevcat/Kingfisher.git";
			requirement = {
				kind = upToNextMajorVersion;
				minimumVersion = 5.8.1;
			};
		};
/* End XCRemoteSwiftPackageReference section */

/* Begin XCSwiftPackageProductDependency section */
		ABB99E4E234641DA0089DEF4 /* Kingfisher */ = {
			isa = XCSwiftPackageProductDependency;
			package = ABB99E4D234641DA0089DEF4 /* XCRemoteSwiftPackageReference "Kingfisher" */;
			productName = Kingfisher;
		};
		ABB99E50234641DA0089DEF4 /* KingfisherSwiftUI */ = {
			isa = XCSwiftPackageProductDependency;
			package = ABB99E4D234641DA0089DEF4 /* XCRemoteSwiftPackageReference "Kingfisher" */;
			productName = KingfisherSwiftUI;
		};
/* End XCSwiftPackageProductDependency section */

/* Begin XCVersionGroup section */
		ABF154E7232DF1AE00114078 /* MusicApp.xcdatamodeld */ = {
			isa = XCVersionGroup;
			children = (
				ABF154E8232DF1AE00114078 /* MusicApp.xcdatamodel */,
			);
			currentVersion = ABF154E8232DF1AE00114078 /* MusicApp.xcdatamodel */;
			path = MusicApp.xcdatamodeld;
			sourceTree = "<group>";
			versionGroupType = wrapper.xcdatamodel;
		};
/* End XCVersionGroup section */
	};
	rootObject = ABF154D3232DF1AE00114078 /* Project object */;
}
